// !$*UTF8*$!
{
	archiveVersion = 1;
	classes = {
	};
	objectVersion = 77;
	objects = {

/* Begin PBXContainerItemProxy section */
		2DAF480E2DACC58C009F79B5 /* PBXContainerItemProxy */ = {
			isa = PBXContainerItemProxy;
			containerPortal = 2DAF47F82DACC58A009F79B5 /* Project object */;
			proxyType = 1;
			remoteGlobalIDString = 2DAF47FF2DACC58A009F79B5;
			remoteInfo = DailyMile;
		};
		2DAF48182DACC58C009F79B5 /* PBXContainerItemProxy */ = {
			isa = PBXContainerItemProxy;
			containerPortal = 2DAF47F82DACC58A009F79B5 /* Project object */;
			proxyType = 1;
			remoteGlobalIDString = 2DAF47FF2DACC58A009F79B5;
			remoteInfo = DailyMile;
		};
/* End PBXContainerItemProxy section */

/* Begin PBXFileReference section */
		2DAF48002DACC58A009F79B5 /* DailyMile.app */ = {isa = PBXFileReference; explicitFileType = wrapper.application; includeInIndex = 0; path = DailyMile.app; sourceTree = BUILT_PRODUCTS_DIR; };
		2DAF480D2DACC58C009F79B5 /* DailyMileTests.xctest */ = {isa = PBXFileReference; explicitFileType = wrapper.cfbundle; includeInIndex = 0; path = DailyMileTests.xctest; sourceTree = BUILT_PRODUCTS_DIR; };
		2DAF48172DACC58C009F79B5 /* DailyMileUITests.xctest */ = {isa = PBXFileReference; explicitFileType = wrapper.cfbundle; includeInIndex = 0; path = DailyMileUITests.xctest; sourceTree = BUILT_PRODUCTS_DIR; };
/* End PBXFileReference section */

/* Begin PBXFileSystemSynchronizedRootGroup section */
		2DAF48022DACC58A009F79B5 /* DailyMile */ = {
			isa = PBXFileSystemSynchronizedRootGroup;
			path = DailyMile;
			sourceTree = "<group>";
		};
		2DAF48102DACC58C009F79B5 /* DailyMileTests */ = {
			isa = PBXFileSystemSynchronizedRootGroup;
			path = DailyMileTests;
			sourceTree = "<group>";
		};
		2DAF481A2DACC58C009F79B5 /* DailyMileUITests */ = {
			isa = PBXFileSystemSynchronizedRootGroup;
			path = DailyMileUITests;
			sourceTree = "<group>";
		};
/* End PBXFileSystemSynchronizedRootGroup section */

/* Begin PBXFrameworksBuildPhase section */
		2DAF47FD2DACC58A009F79B5 /* Frameworks */ = {
			isa = PBXFrameworksBuildPhase;
			buildActionMask = 2147483647;
			files = (
			);
			runOnlyForDeploymentPostprocessing = 0;
		};
		2DAF480A2DACC58C009F79B5 /* Frameworks */ = {
			isa = PBXFrameworksBuildPhase;
			buildActionMask = 2147483647;
			files = (
			);
			runOnlyForDeploymentPostprocessing = 0;
		};
		2DAF48142DACC58C009F79B5 /* Frameworks */ = {
			isa = PBXFrameworksBuildPhase;
			buildActionMask = 2147483647;
			files = (
			);
			runOnlyForDeploymentPostprocessing = 0;
		};
/* End PBXFrameworksBuildPhase section */

/* Begin PBXGroup section */
		2DAF47F72DACC58A009F79B5 = {
			isa = PBXGroup;
			children = (
				2DAF48022DACC58A009F79B5 /* DailyMile */,
				2DAF48102DACC58C009F79B5 /* DailyMileTests */,
				2DAF481A2DACC58C009F79B5 /* DailyMileUITests */,
				2DAF48012DACC58A009F79B5 /* Products */,
			);
			sourceTree = "<group>";
		};
		2DAF48012DACC58A009F79B5 /* Products */ = {
			isa = PBXGroup;
			children = (
				2DAF48002DACC58A009F79B5 /* DailyMile.app */,
				2DAF480D2DACC58C009F79B5 /* DailyMileTests.xctest */,
				2DAF48172DACC58C009F79B5 /* DailyMileUITests.xctest */,
			);
			name = Products;
			sourceTree = "<group>";
		};
/* End PBXGroup section */

/* Begin PBXNativeTarget section */
		2DAF47FF2DACC58A009F79B5 /* DailyMile */ = {
			isa = PBXNativeTarget;
			buildConfigurationList = 2DAF48212DACC58C009F79B5 /* Build configuration list for PBXNativeTarget "DailyMile" */;
			buildPhases = (
				2DAF47FC2DACC58A009F79B5 /* Sources */,
				2DAF47FD2DACC58A009F79B5 /* Frameworks */,
				2DAF47FE2DACC58A009F79B5 /* Resources */,
			);
			buildRules = (
			);
			dependencies = (
			);
			fileSystemSynchronizedGroups = (
				2DAF48022DACC58A009F79B5 /* DailyMile */,
			);
			name = DailyMile;
			packageProductDependencies = (
			);
			productName = DailyMile;
			productReference = 2DAF48002DACC58A009F79B5 /* DailyMile.app */;
			productType = "com.apple.product-type.application";
		};
		2DAF480C2DACC58C009F79B5 /* DailyMileTests */ = {
			isa = PBXNativeTarget;
			buildConfigurationList = 2DAF48242DACC58C009F79B5 /* Build configuration list for PBXNativeTarget "DailyMileTests" */;
			buildPhases = (
				2DAF48092DACC58C009F79B5 /* Sources */,
				2DAF480A2DACC58C009F79B5 /* Frameworks */,
				2DAF480B2DACC58C009F79B5 /* Resources */,
			);
			buildRules = (
			);
			dependencies = (
				2DAF480F2DACC58C009F79B5 /* PBXTargetDependency */,
			);
			fileSystemSynchronizedGroups = (
				2DAF48102DACC58C009F79B5 /* DailyMileTests */,
			);
			name = DailyMileTests;
			packageProductDependencies = (
			);
			productName = DailyMileTests;
			productReference = 2DAF480D2DACC58C009F79B5 /* DailyMileTests.xctest */;
			productType = "com.apple.product-type.bundle.unit-test";
		};
		2DAF48162DACC58C009F79B5 /* DailyMileUITests */ = {
			isa = PBXNativeTarget;
			buildConfigurationList = 2DAF48272DACC58C009F79B5 /* Build configuration list for PBXNativeTarget "DailyMileUITests" */;
			buildPhases = (
				2DAF48132DACC58C009F79B5 /* Sources */,
				2DAF48142DACC58C009F79B5 /* Frameworks */,
				2DAF48152DACC58C009F79B5 /* Resources */,
			);
			buildRules = (
			);
			dependencies = (
				2DAF48192DACC58C009F79B5 /* PBXTargetDependency */,
			);
			fileSystemSynchronizedGroups = (
				2DAF481A2DACC58C009F79B5 /* DailyMileUITests */,
			);
			name = DailyMileUITests;
			packageProductDependencies = (
			);
			productName = DailyMileUITests;
			productReference = 2DAF48172DACC58C009F79B5 /* DailyMileUITests.xctest */;
			productType = "com.apple.product-type.bundle.ui-testing";
		};
/* End PBXNativeTarget section */

/* Begin PBXProject section */
		2DAF47F82DACC58A009F79B5 /* Project object */ = {
			isa = PBXProject;
			attributes = {
				BuildIndependentTargetsInParallel = 1;
				LastSwiftUpdateCheck = 1630;
				LastUpgradeCheck = 1630;
				TargetAttributes = {
					2DAF47FF2DACC58A009F79B5 = {
						CreatedOnToolsVersion = 16.3;
					};
					2DAF480C2DACC58C009F79B5 = {
						CreatedOnToolsVersion = 16.3;
						TestTargetID = 2DAF47FF2DACC58A009F79B5;
					};
					2DAF48162DACC58C009F79B5 = {
						CreatedOnToolsVersion = 16.3;
						TestTargetID = 2DAF47FF2DACC58A009F79B5;
					};
				};
			};
			buildConfigurationList = 2DAF47FB2DACC58A009F79B5 /* Build configuration list for PBXProject "DailyMile" */;
			developmentRegion = en;
			hasScannedForEncodings = 0;
			knownRegions = (
				en,
				Base,
			);
			mainGroup = 2DAF47F72DACC58A009F79B5;
			minimizedProjectReferenceProxies = 1;
			preferredProjectObjectVersion = 77;
			productRefGroup = 2DAF48012DACC58A009F79B5 /* Products */;
			projectDirPath = "";
			projectRoot = "";
			targets = (
				2DAF47FF2DACC58A009F79B5 /* DailyMile */,
				2DAF480C2DACC58C009F79B5 /* DailyMileTests */,
				2DAF48162DACC58C009F79B5 /* DailyMileUITests */,
			);
		};
/* End PBXProject section */

/* Begin PBXResourcesBuildPhase section */
		2DAF47FE2DACC58A009F79B5 /* Resources */ = {
			isa = PBXResourcesBuildPhase;
			buildActionMask = 2147483647;
			files = (
			);
			runOnlyForDeploymentPostprocessing = 0;
		};
		2DAF480B2DACC58C009F79B5 /* Resources */ = {
			isa = PBXResourcesBuildPhase;
			buildActionMask = 2147483647;
			files = (
			);
			runOnlyForDeploymentPostprocessing = 0;
		};
		2DAF48152DACC58C009F79B5 /* Resources */ = {
			isa = PBXResourcesBuildPhase;
			buildActionMask = 2147483647;
			files = (
			);
			runOnlyForDeploymentPostprocessing = 0;
		};
/* End PBXResourcesBuildPhase section */

/* Begin PBXSourcesBuildPhase section */
		2DAF47FC2DACC58A009F79B5 /* Sources */ = {
			isa = PBXSourcesBuildPhase;
			buildActionMask = 2147483647;
			files = (
			);
			runOnlyForDeploymentPostprocessing = 0;
		};
		2DAF48092DACC58C009F79B5 /* Sources */ = {
			isa = PBXSourcesBuildPhase;
			buildActionMask = 2147483647;
			files = (
			);
			runOnlyForDeploymentPostprocessing = 0;
		};
		2DAF48132DACC58C009F79B5 /* Sources */ = {
			isa = PBXSourcesBuildPhase;
			buildActionMask = 2147483647;
			files = (
			);
			runOnlyForDeploymentPostprocessing = 0;
		};
/* End PBXSourcesBuildPhase section */

/* Begin PBXTargetDependency section */
		2DAF480F2DACC58C009F79B5 /* PBXTargetDependency */ = {
			isa = PBXTargetDependency;
			target = 2DAF47FF2DACC58A009F79B5 /* DailyMile */;
			targetProxy = 2DAF480E2DACC58C009F79B5 /* PBXContainerItemProxy */;
		};
		2DAF48192DACC58C009F79B5 /* PBXTargetDependency */ = {
			isa = PBXTargetDependency;
			target = 2DAF47FF2DACC58A009F79B5 /* DailyMile */;
			targetProxy = 2DAF48182DACC58C009F79B5 /* PBXContainerItemProxy */;
		};
/* End PBXTargetDependency section */

/* Begin XCBuildConfiguration section */
		2DAF481F2DACC58C009F79B5 /* Debug */ = {
			isa = XCBuildConfiguration;
			buildSettings = {
				ALWAYS_SEARCH_USER_PATHS = NO;
				ASSETCATALOG_COMPILER_GENERATE_SWIFT_ASSET_SYMBOL_EXTENSIONS = YES;
				CLANG_ANALYZER_NONNULL = YES;
				CLANG_ANALYZER_NUMBER_OBJECT_CONVERSION = YES_AGGRESSIVE;
				CLANG_CXX_LANGUAGE_STANDARD = "gnu++20";
				CLANG_ENABLE_MODULES = YES;
				CLANG_ENABLE_OBJC_ARC = YES;
				CLANG_ENABLE_OBJC_WEAK = YES;
				CLANG_WARN_BLOCK_CAPTURE_AUTORELEASING = YES;
				CLANG_WARN_BOOL_CONVERSION = YES;
				CLANG_WARN_COMMA = YES;
				CLANG_WARN_CONSTANT_CONVERSION = YES;
				CLANG_WARN_DEPRECATED_OBJC_IMPLEMENTATIONS = YES;
				CLANG_WARN_DIRECT_OBJC_ISA_USAGE = YES_ERROR;
				CLANG_WARN_DOCUMENTATION_COMMENTS = YES;
				CLANG_WARN_EMPTY_BODY = YES;
				CLANG_WARN_ENUM_CONVERSION = YES;
				CLANG_WARN_INFINITE_RECURSION = YES;
				CLANG_WARN_INT_CONVERSION = YES;
				CLANG_WARN_NON_LITERAL_NULL_CONVERSION = YES;
				CLANG_WARN_OBJC_IMPLICIT_RETAIN_SELF = YES;
				CLANG_WARN_OBJC_LITERAL_CONVERSION = YES;
				CLANG_WARN_OBJC_ROOT_CLASS = YES_ERROR;
				CLANG_WARN_QUOTED_INCLUDE_IN_FRAMEWORK_HEADER = YES;
				CLANG_WARN_RANGE_LOOP_ANALYSIS = YES;
				CLANG_WARN_STRICT_PROTOTYPES = YES;
				CLANG_WARN_SUSPICIOUS_MOVE = YES;
				CLANG_WARN_UNGUARDED_AVAILABILITY = YES_AGGRESSIVE;
				CLANG_WARN_UNREACHABLE_CODE = YES;
				CLANG_WARN__DUPLICATE_METHOD_MATCH = YES;
				COPY_PHASE_STRIP = NO;
				DEBUG_INFORMATION_FORMAT = dwarf;
				DEVELOPMENT_TEAM = K5NRGBZW5X;
				ENABLE_STRICT_OBJC_MSGSEND = YES;
				ENABLE_TESTABILITY = YES;
				ENABLE_USER_SCRIPT_SANDBOXING = YES;
				GCC_C_LANGUAGE_STANDARD = gnu17;
				GCC_DYNAMIC_NO_PIC = NO;
				GCC_NO_COMMON_BLOCKS = YES;
				GCC_OPTIMIZATION_LEVEL = 0;
				GCC_PREPROCESSOR_DEFINITIONS = (
					"DEBUG=1",
					"$(inherited)",
				);
				GCC_WARN_64_TO_32_BIT_CONVERSION = YES;
				GCC_WARN_ABOUT_RETURN_TYPE = YES_ERROR;
				GCC_WARN_UNDECLARED_SELECTOR = YES;
				GCC_WARN_UNINITIALIZED_AUTOS = YES_AGGRESSIVE;
				GCC_WARN_UNUSED_FUNCTION = YES;
				GCC_WARN_UNUSED_VARIABLE = YES;
				IPHONEOS_DEPLOYMENT_TARGET = 18.4;
				LOCALIZATION_PREFERS_STRING_CATALOGS = YES;
				MTL_ENABLE_DEBUG_INFO = INCLUDE_SOURCE;
				MTL_FAST_MATH = YES;
				ONLY_ACTIVE_ARCH = YES;
				SDKROOT = iphoneos;
				SWIFT_ACTIVE_COMPILATION_CONDITIONS = "DEBUG $(inherited)";
				SWIFT_OPTIMIZATION_LEVEL = "-Onone";
			};
			name = Debug;
		};
		2DAF48202DACC58C009F79B5 /* Release */ = {
			isa = XCBuildConfiguration;
			buildSettings = {
				ALWAYS_SEARCH_USER_PATHS = NO;
				ASSETCATALOG_COMPILER_GENERATE_SWIFT_ASSET_SYMBOL_EXTENSIONS = YES;
				CLANG_ANALYZER_NONNULL = YES;
				CLANG_ANALYZER_NUMBER_OBJECT_CONVERSION = YES_AGGRESSIVE;
				CLANG_CXX_LANGUAGE_STANDARD = "gnu++20";
				CLANG_ENABLE_MODULES = YES;
				CLANG_ENABLE_OBJC_ARC = YES;
				CLANG_ENABLE_OBJC_WEAK = YES;
				CLANG_WARN_BLOCK_CAPTURE_AUTORELEASING = YES;
				CLANG_WARN_BOOL_CONVERSION = YES;
				CLANG_WARN_COMMA = YES;
				CLANG_WARN_CONSTANT_CONVERSION = YES;
				CLANG_WARN_DEPRECATED_OBJC_IMPLEMENTATIONS = YES;
				CLANG_WARN_DIRECT_OBJC_ISA_USAGE = YES_ERROR;
				CLANG_WARN_DOCUMENTATION_COMMENTS = YES;
				CLANG_WARN_EMPTY_BODY = YES;
				CLANG_WARN_ENUM_CONVERSION = YES;
				CLANG_WARN_INFINITE_RECURSION = YES;
				CLANG_WARN_INT_CONVERSION = YES;
				CLANG_WARN_NON_LITERAL_NULL_CONVERSION = YES;
				CLANG_WARN_OBJC_IMPLICIT_RETAIN_SELF = YES;
				CLANG_WARN_OBJC_LITERAL_CONVERSION = YES;
				CLANG_WARN_OBJC_ROOT_CLASS = YES_ERROR;
				CLANG_WARN_QUOTED_INCLUDE_IN_FRAMEWORK_HEADER = YES;
				CLANG_WARN_RANGE_LOOP_ANALYSIS = YES;
				CLANG_WARN_STRICT_PROTOTYPES = YES;
				CLANG_WARN_SUSPICIOUS_MOVE = YES;
				CLANG_WARN_UNGUARDED_AVAILABILITY = YES_AGGRESSIVE;
				CLANG_WARN_UNREACHABLE_CODE = YES;
				CLANG_WARN__DUPLICATE_METHOD_MATCH = YES;
				COPY_PHASE_STRIP = NO;
				DEBUG_INFORMATION_FORMAT = "dwarf-with-dsym";
				DEVELOPMENT_TEAM = K5NRGBZW5X;
				ENABLE_NS_ASSERTIONS = NO;
				ENABLE_STRICT_OBJC_MSGSEND = YES;
				ENABLE_USER_SCRIPT_SANDBOXING = YES;
				GCC_C_LANGUAGE_STANDARD = gnu17;
				GCC_NO_COMMON_BLOCKS = YES;
				GCC_WARN_64_TO_32_BIT_CONVERSION = YES;
				GCC_WARN_ABOUT_RETURN_TYPE = YES_ERROR;
				GCC_WARN_UNDECLARED_SELECTOR = YES;
				GCC_WARN_UNINITIALIZED_AUTOS = YES_AGGRESSIVE;
				GCC_WARN_UNUSED_FUNCTION = YES;
				GCC_WARN_UNUSED_VARIABLE = YES;
				IPHONEOS_DEPLOYMENT_TARGET = 18.4;
				LOCALIZATION_PREFERS_STRING_CATALOGS = YES;
				MTL_ENABLE_DEBUG_INFO = NO;
				MTL_FAST_MATH = YES;
				SDKROOT = iphoneos;
				SWIFT_COMPILATION_MODE = wholemodule;
				VALIDATE_PRODUCT = YES;
			};
			name = Release;
		};
		2DAF48222DACC58C009F79B5 /* Debug */ = {
			isa = XCBuildConfiguration;
			buildSettings = {
				ASSETCATALOG_COMPILER_APPICON_NAME = AppIcon;
				ASSETCATALOG_COMPILER_GLOBAL_ACCENT_COLOR_NAME = AccentColor;
				CODE_SIGN_STYLE = Automatic;
				CURRENT_PROJECT_VERSION = 1;
				DEVELOPMENT_TEAM = K5NRGBZW5X;
				ENABLE_PREVIEWS = YES;
				GENERATE_INFOPLIST_FILE = YES;
				INFOPLIST_KEY_NSLocationAlwaysAndWhenInUseUsageDescription = "The Daily Mile needs your location to track your running routes and calculate distance, even when the app is in background.";
				INFOPLIST_KEY_NSLocationWhenInUseUsageDescription = "The Daily Mile needs your location to track your running routes and calculate distance.";
				INFOPLIST_KEY_UIApplicationSceneManifest_Generation = YES;
				INFOPLIST_KEY_UIApplicationSupportsIndirectInputEvents = YES;
				INFOPLIST_KEY_UILaunchScreen_Generation = YES;
				INFOPLIST_KEY_UISupportedInterfaceOrientations_iPad = "UIInterfaceOrientationPortrait UIInterfaceOrientationPortraitUpsideDown UIInterfaceOrientationLandscapeLeft UIInterfaceOrientationLandscapeRight";
				INFOPLIST_KEY_UISupportedInterfaceOrientations_iPhone = "UIInterfaceOrientationPortrait UIInterfaceOrientationLandscapeLeft UIInterfaceOrientationLandscapeRight";
				LD_RUNPATH_SEARCH_PATHS = (
					"$(inherited)",
					"@executable_path/Frameworks",
				);
				MARKETING_VERSION = 1.0;
				PRODUCT_BUNDLE_IDENTIFIER = lucastimho.DailyMile;
				PRODUCT_NAME = "$(TARGET_NAME)";
				SWIFT_EMIT_LOC_STRINGS = YES;
				SWIFT_VERSION = 5.0;
				TARGETED_DEVICE_FAMILY = "1,2";
			};
			name = Debug;
		};
		2DAF48232DACC58C009F79B5 /* Release */ = {
			isa = XCBuildConfiguration;
			buildSettings = {
				ASSETCATALOG_COMPILER_APPICON_NAME = AppIcon;
				ASSETCATALOG_COMPILER_GLOBAL_ACCENT_COLOR_NAME = AccentColor;
				CODE_SIGN_STYLE = Automatic;
				CURRENT_PROJECT_VERSION = 1;
				DEVELOPMENT_TEAM = K5NRGBZW5X;
				ENABLE_PREVIEWS = YES;
				GENERATE_INFOPLIST_FILE = YES;
				INFOPLIST_KEY_NSLocationAlwaysAndWhenInUseUsageDescription = "The Daily Mile needs your location to track your running routes and calculate distance, even when the app is in background.";
				INFOPLIST_KEY_NSLocationWhenInUseUsageDescription = "The Daily Mile needs your location to track your running routes and calculate distance.";
				INFOPLIST_KEY_UIApplicationSceneManifest_Generation = YES;
				INFOPLIST_KEY_UIApplicationSupportsIndirectInputEvents = YES;
				INFOPLIST_KEY_UILaunchScreen_Generation = YES;
				INFOPLIST_KEY_UISupportedInterfaceOrientations_iPad = "UIInterfaceOrientationPortrait UIInterfaceOrientationPortraitUpsideDown UIInterfaceOrientationLandscapeLeft UIInterfaceOrientationLandscapeRight";
				INFOPLIST_KEY_UISupportedInterfaceOrientations_iPhone = "UIInterfaceOrientationPortrait UIInterfaceOrientationLandscapeLeft UIInterfaceOrientationLandscapeRight";
				LD_RUNPATH_SEARCH_PATHS = (
					"$(inherited)",
					"@executable_path/Frameworks",
				);
				MARKETING_VERSION = 1.0;
				PRODUCT_BUNDLE_IDENTIFIER = lucastimho.DailyMile;
				PRODUCT_NAME = "$(TARGET_NAME)";
				SWIFT_EMIT_LOC_STRINGS = YES;
				SWIFT_VERSION = 5.0;
				TARGETED_DEVICE_FAMILY = "1,2";
			};
			name = Release;
		};
		2DAF48252DACC58C009F79B5 /* Debug */ = {
			isa = XCBuildConfiguration;
			buildSettings = {
				BUNDLE_LOADER = "$(TEST_HOST)";
				CODE_SIGN_STYLE = Automatic;
				CURRENT_PROJECT_VERSION = 1;
				DEVELOPMENT_TEAM = K5NRGBZW5X;
				GENERATE_INFOPLIST_FILE = YES;
				INFOPLIST_KEY_NSLocationAlwaysAndWhenInUseUsageDescription = "The Daily Mile needs your location to track your running routes and calculate distance, even when the app is in background.";
				INFOPLIST_KEY_NSLocationWhenInUseUsageDescription = "The Daily Mile needs your location to track your running routes and calculate distance.";
				IPHONEOS_DEPLOYMENT_TARGET = 18.4;
				MARKETING_VERSION = 1.0;
				PRODUCT_BUNDLE_IDENTIFIER = lucastimho.DailyMileTests;
				PRODUCT_NAME = "$(TARGET_NAME)";
				SWIFT_EMIT_LOC_STRINGS = NO;
				SWIFT_VERSION = 5.0;
				TARGETED_DEVICE_FAMILY = "1,2";
				TEST_HOST = "$(BUILT_PRODUCTS_DIR)/DailyMile.app/$(BUNDLE_EXECUTABLE_FOLDER_PATH)/DailyMile";
			};
			name = Debug;
		};
		2DAF48262DACC58C009F79B5 /* Release */ = {
			isa = XCBuildConfiguration;
			buildSettings = {
				BUNDLE_LOADER = "$(TEST_HOST)";
				CODE_SIGN_STYLE = Automatic;
				CURRENT_PROJECT_VERSION = 1;
				DEVELOPMENT_TEAM = K5NRGBZW5X;
				GENERATE_INFOPLIST_FILE = YES;
				INFOPLIST_KEY_NSLocationAlwaysAndWhenInUseUsageDescription = "The Daily Mile needs your location to track your running routes and calculate distance, even when the app is in background.";
				INFOPLIST_KEY_NSLocationWhenInUseUsageDescription = "The Daily Mile needs your location to track your running routes and calculate distance.";
				IPHONEOS_DEPLOYMENT_TARGET = 18.4;
				MARKETING_VERSION = 1.0;
				PRODUCT_BUNDLE_IDENTIFIER = lucastimho.DailyMileTests;
				PRODUCT_NAME = "$(TARGET_NAME)";
				SWIFT_EMIT_LOC_STRINGS = NO;
				SWIFT_VERSION = 5.0;
				TARGETED_DEVICE_FAMILY = "1,2";
				TEST_HOST = "$(BUILT_PRODUCTS_DIR)/DailyMile.app/$(BUNDLE_EXECUTABLE_FOLDER_PATH)/DailyMile";
			};
			name = Release;
		};
		2DAF48282DACC58C009F79B5 /* Debug */ = {
			isa = XCBuildConfiguration;
			buildSettings = {
				CODE_SIGN_STYLE = Automatic;
				CURRENT_PROJECT_VERSION = 1;
				DEVELOPMENT_TEAM = K5NRGBZW5X;
				GENERATE_INFOPLIST_FILE = YES;
				INFOPLIST_KEY_NSLocationAlwaysAndWhenInUseUsageDescription = "The Daily Mile needs your location to track your running routes and calculate distance, even when the app is in background.";
				INFOPLIST_KEY_NSLocationWhenInUseUsageDescription = "The Daily Mile needs your location to track your running routes and calculate distance.";
				MARKETING_VERSION = 1.0;
				PRODUCT_BUNDLE_IDENTIFIER = lucastimho.DailyMileUITests;
				PRODUCT_NAME = "$(TARGET_NAME)";
				SWIFT_EMIT_LOC_STRINGS = NO;
				SWIFT_VERSION = 5.0;
				TARGETED_DEVICE_FAMILY = "1,2";
				TEST_TARGET_NAME = DailyMile;
			};
			name = Debug;
		};
		2DAF48292DACC58C009F79B5 /* Release */ = {
			isa = XCBuildConfiguration;
			buildSettings = {
				CODE_SIGN_STYLE = Automatic;
				CURRENT_PROJECT_VERSION = 1;
				DEVELOPMENT_TEAM = K5NRGBZW5X;
				GENERATE_INFOPLIST_FILE = YES;
				INFOPLIST_KEY_NSLocationAlwaysAndWhenInUseUsageDescription = "The Daily Mile needs your location to track your running routes and calculate distance, even when the app is in background.";
				INFOPLIST_KEY_NSLocationWhenInUseUsageDescription = "The Daily Mile needs your location to track your running routes and calculate distance.";
				MARKETING_VERSION = 1.0;
				PRODUCT_BUNDLE_IDENTIFIER = lucastimho.DailyMileUITests;
				PRODUCT_NAME = "$(TARGET_NAME)";
				SWIFT_EMIT_LOC_STRINGS = NO;
				SWIFT_VERSION = 5.0;
				TARGETED_DEVICE_FAMILY = "1,2";
				TEST_TARGET_NAME = DailyMile;
			};
			name = Release;
		};
/* End XCBuildConfiguration section */

/* Begin XCConfigurationList section */
		2DAF47FB2DACC58A009F79B5 /* Build configuration list for PBXProject "DailyMile" */ = {
			isa = XCConfigurationList;
			buildConfigurations = (
				2DAF481F2DACC58C009F79B5 /* Debug */,
				2DAF48202DACC58C009F79B5 /* Release */,
			);
			defaultConfigurationIsVisible = 0;
			defaultConfigurationName = Release;
		};
		2DAF48212DACC58C009F79B5 /* Build configuration list for PBXNativeTarget "DailyMile" */ = {
			isa = XCConfigurationList;
			buildConfigurations = (
				2DAF48222DACC58C009F79B5 /* Debug */,
				2DAF48232DACC58C009F79B5 /* Release */,
			);
			defaultConfigurationIsVisible = 0;
			defaultConfigurationName = Release;
		};
		2DAF48242DACC58C009F79B5 /* Build configuration list for PBXNativeTarget "DailyMileTests" */ = {
			isa = XCConfigurationList;
			buildConfigurations = (
				2DAF48252DACC58C009F79B5 /* Debug */,
				2DAF48262DACC58C009F79B5 /* Release */,
			);
			defaultConfigurationIsVisible = 0;
			defaultConfigurationName = Release;
		};
		2DAF48272DACC58C009F79B5 /* Build configuration list for PBXNativeTarget "DailyMileUITests" */ = {
			isa = XCConfigurationList;
			buildConfigurations = (
				2DAF48282DACC58C009F79B5 /* Debug */,
				2DAF48292DACC58C009F79B5 /* Release */,
			);
			defaultConfigurationIsVisible = 0;
			defaultConfigurationName = Release;
		};
/* End XCConfigurationList section */
	};
	rootObject = 2DAF47F82DACC58A009F79B5 /* Project object */;
}
